
Microsoft Visual Studio Solution File, Format Version 12.00
# Visual Studio Version 16
VisualStudioVersion = 16.0.30621.155
MinimumVisualStudioVersion = 10.0.40219.1
Project("{FAE04EC0-301F-11D3-BF4B-00C04F79EFBC}") = "PmCalendar", "PmCalendar\PmCalendar.csproj", "{7BDA01AE-7AFD-4E0B-8774-09B87B4467E4}"
EndProject
Project("{FAE04EC0-301F-11D3-BF4B-00C04F79EFBC}") = "PmService", "PmService\PmService.csproj", "{D58982DF-2434-4C3C-8DA5-276A4CB621BE}"
EndProject
Project("{54435603-DBB4-11D2-8724-00A0C9A8B90C}") = "PmCalendarSetUp", "PmCalendarSetUp\PmCalendarSetUp.vdproj", "{AD0E9718-5C26-49AA-B6B9-A08845F636E3}"
EndProject
Global
	GlobalSection(SolutionConfigurationPlatforms) = preSolution
		Debug|Any CPU = Debug|Any CPU
		Release|Any CPU = Release|Any CPU
	EndGlobalSection
	GlobalSection(ProjectConfigurationPlatforms) = postSolution
		{7BDA01AE-7AFD-4E0B-8774-09B87B4467E4}.Debug|Any CPU.ActiveCfg = Debug|Any CPU
		{7BDA01AE-7AFD-4E0B-8774-09B87B4467E4}.Debug|Any CPU.Build.0 = Debug|Any CPU
		{7BDA01AE-7AFD-4E0B-8774-09B87B4467E4}.Release|Any CPU.ActiveCfg = Release|Any CPU
		{7BDA01AE-7AFD-4E0B-8774-09B87B4467E4}.Release|Any CPU.Build.0 = Release|Any CPU
		{D58982DF-2434-4C3C-8DA5-276A4CB621BE}.Debug|Any CPU.ActiveCfg = Debug|Any CPU
		{D58982DF-2434-4C3C-8DA5-276A4CB621BE}.Debug|Any CPU.Build.0 = Debug|Any CPU
		{D58982DF-2434-4C3C-8DA5-276A4CB621BE}.Release|Any CPU.ActiveCfg = Release|Any CPU
		{D58982DF-2434-4C3C-8DA5-276A4CB621BE}.Release|Any CPU.Build.0 = Release|Any CPU
		{AD0E9718-5C26-49AA-B6B9-A08845F636E3}.Debug|Any CPU.ActiveCfg = Debug
		{AD0E9718-5C26-49AA-B6B9-A08845F636E3}.Release|Any CPU.ActiveCfg = Release
	EndGlobalSection
	GlobalSection(SolutionProperties) = preSolution
		HideSolutionNode = FALSE
	EndGlobalSection
	GlobalSection(ExtensibilityGlobals) = postSolution
		SolutionGuid = {805CA5EE-145D-4BBD-AF89-F79607FCF1B6}
	EndGlobalSection
EndGlobal
